
Microsoft Visual Studio Solution File, Format Version 12.00
# Visual Studio Version 17
VisualStudioVersion = 17.8.34511.84
MinimumVisualStudioVersion = 10.0.40219.1
Project("{9A19103F-16F7-4668-BE54-9A1E7A4F7556}") = "Project_PRN222", "Project_PRN222.csproj", "{B3465887-AF2C-4339-9B3C-BADC14B856EE}"
EndProject
Global
	GlobalSection(SolutionConfigurationPlatforms) = preSolution
		Debug|Any CPU = Debug|Any CPU
		Release|Any CPU = Release|Any CPU
	EndGlobalSection
	GlobalSection(ProjectConfigurationPlatforms) = postSolution
		{B3465887-AF2C-4339-9B3C-BADC14B856EE}.Debug|Any CPU.ActiveCfg = Debug|Any CPU
		{B3465887-AF2C-4339-9B3C-BADC14B856EE}.Debug|Any CPU.Build.0 = Debug|Any CPU
		{B3465887-AF2C-4339-9B3C-BADC14B856EE}.Release|Any CPU.ActiveCfg = Release|Any CPU
		{B3465887-AF2C-4339-9B3C-BADC14B856EE}.Release|Any CPU.Build.0 = Release|Any CPU
	EndGlobalSection
	GlobalSection(SolutionProperties) = preSolution
		HideSolutionNode = FALSE
	EndGlobalSection
	GlobalSection(ExtensibilityGlobals) = postSolution
		SolutionGuid = {3B680B26-470B-4984-B695-75B13B81C572}
	EndGlobalSection
EndGlobal
